{
  "originHash" : "74350aa352c5d591ca8d4f79af1d4ddfebb8db922d44b4aaadfe4515f1da67a9",
  "pins" : [
    {
      "identity" : "iqkeyboardmanager",
      "kind" : "remoteSourceControl",
      "location" : "https://github.com/hackiftekhar/IQKeyboardManager",
      "state" : {
        "revision" : "aa656e1f0d95f0154622f453599318602848be3b",
        "version" : "7.0.1"
      }
    }
  ],
  "version" : 3
}
